
Microsoft Visual Studio Solution File, Format Version 12.00
# Visual Studio 15
VisualStudioVersion = 15.0.28307.489
MinimumVisualStudioVersion = 10.0.40219.1
Project("{FAE04EC0-301F-11D3-BF4B-00C04F79EFBC}") = "CadastroEmail", "CadastroEmail\CadastroEmail.csproj", "{4F73ABAC-D79C-454C-A697-70438E995066}"
EndProject
Global
	GlobalSection(SolutionConfigurationPlatforms) = preSolution
		Debug|Any CPU = Debug|Any CPU
		Release|Any CPU = Release|Any CPU
	EndGlobalSection
	GlobalSection(ProjectConfigurationPlatforms) = postSolution
		{4F73ABAC-D79C-454C-A697-70438E995066}.Debug|Any CPU.ActiveCfg = Debug|Any CPU
		{4F73ABAC-D79C-454C-A697-70438E995066}.Debug|Any CPU.Build.0 = Debug|Any CPU
		{4F73ABAC-D79C-454C-A697-70438E995066}.Release|Any CPU.ActiveCfg = Release|Any CPU
		{4F73ABAC-D79C-454C-A697-70438E995066}.Release|Any CPU.Build.0 = Release|Any CPU
	EndGlobalSection
	GlobalSection(SolutionProperties) = preSolution
		HideSolutionNode = FALSE
	EndGlobalSection
	GlobalSection(ExtensibilityGlobals) = postSolution
		SolutionGuid = {FFC8C92B-7268-448F-92EB-0B2E6A892173}
	EndGlobalSection
EndGlobal
